
Microsoft Visual Studio Solution File, Format Version 12.00
# Visual Studio Version 17
VisualStudioVersion = 17.1.31903.286
MinimumVisualStudioVersion = 10.0.40219.1
Project("{9A19103F-16F7-4668-BE54-9A1E7A4F7556}") = "Todo.Api", "Todo.Api\Todo.Api.csproj", "{2255A00C-9F77-4BB8-9D1A-9D7EEB581F9C}"
EndProject
Project("{9A19103F-16F7-4668-BE54-9A1E7A4F7556}") = "Todo.Load.Console", "Todo.Load.Console\Todo.Load.Console.csproj", "{F2FEF028-809E-43CF-B6D6-7A667C4637B3}"
EndProject
Global
	GlobalSection(SolutionConfigurationPlatforms) = preSolution
		Debug|Any CPU = Debug|Any CPU
		Release|Any CPU = Release|Any CPU
	EndGlobalSection
	GlobalSection(ProjectConfigurationPlatforms) = postSolution
		{2255A00C-9F77-4BB8-9D1A-9D7EEB581F9C}.Debug|Any CPU.ActiveCfg = Debug|Any CPU
		{2255A00C-9F77-4BB8-9D1A-9D7EEB581F9C}.Debug|Any CPU.Build.0 = Debug|Any CPU
		{2255A00C-9F77-4BB8-9D1A-9D7EEB581F9C}.Release|Any CPU.ActiveCfg = Release|Any CPU
		{2255A00C-9F77-4BB8-9D1A-9D7EEB581F9C}.Release|Any CPU.Build.0 = Release|Any CPU
		{F2FEF028-809E-43CF-B6D6-7A667C4637B3}.Debug|Any CPU.ActiveCfg = Debug|Any CPU
		{F2FEF028-809E-43CF-B6D6-7A667C4637B3}.Debug|Any CPU.Build.0 = Debug|Any CPU
		{F2FEF028-809E-43CF-B6D6-7A667C4637B3}.Release|Any CPU.ActiveCfg = Release|Any CPU
		{F2FEF028-809E-43CF-B6D6-7A667C4637B3}.Release|Any CPU.Build.0 = Release|Any CPU
	EndGlobalSection
	GlobalSection(SolutionProperties) = preSolution
		HideSolutionNode = FALSE
	EndGlobalSection
	GlobalSection(ExtensibilityGlobals) = postSolution
		SolutionGuid = {9DE28BD5-F5D0-4A5F-98AC-5404AC5F2FC1}
	EndGlobalSection
EndGlobal
